
Microsoft Visual Studio Solution File, Format Version 12.00
# Visual Studio Version 17
VisualStudioVersion = 17.12.35527.113 d17.12
MinimumVisualStudioVersion = 10.0.40219.1
Project("{FAE04EC0-301F-11D3-BF4B-00C04F79EFBC}") = "WPFUI", "WPFUI\WPFUI.csproj", "{4F91B9A9-632C-4E54-8080-4032D49BF4FC}"
EndProject
Project("{FAE04EC0-301F-11D3-BF4B-00C04F79EFBC}") = "Engine", "Engine\Engine.csproj", "{A1A206A4-9AEB-434F-A844-040E319D1A0E}"
EndProject
Global
	GlobalSection(SolutionConfigurationPlatforms) = preSolution
		Debug|Any CPU = Debug|Any CPU
		Release|Any CPU = Release|Any CPU
	EndGlobalSection
	GlobalSection(ProjectConfigurationPlatforms) = postSolution
		{4F91B9A9-632C-4E54-8080-4032D49BF4FC}.Debug|Any CPU.ActiveCfg = Debug|Any CPU
		{4F91B9A9-632C-4E54-8080-4032D49BF4FC}.Debug|Any CPU.Build.0 = Debug|Any CPU
		{4F91B9A9-632C-4E54-8080-4032D49BF4FC}.Release|Any CPU.ActiveCfg = Release|Any CPU
		{4F91B9A9-632C-4E54-8080-4032D49BF4FC}.Release|Any CPU.Build.0 = Release|Any CPU
		{A1A206A4-9AEB-434F-A844-040E319D1A0E}.Debug|Any CPU.ActiveCfg = Debug|Any CPU
		{A1A206A4-9AEB-434F-A844-040E319D1A0E}.Debug|Any CPU.Build.0 = Debug|Any CPU
		{A1A206A4-9AEB-434F-A844-040E319D1A0E}.Release|Any CPU.ActiveCfg = Release|Any CPU
		{A1A206A4-9AEB-434F-A844-040E319D1A0E}.Release|Any CPU.Build.0 = Release|Any CPU
	EndGlobalSection
	GlobalSection(SolutionProperties) = preSolution
		HideSolutionNode = FALSE
	EndGlobalSection
EndGlobal
